Microsoft Visual Studio Solution File, Format Version 12.00
# Visual Studio Version 17
VisualStudioVersion = 17.4.33213.308
MinimumVisualStudioVersion = 10.0.40219.1
Project("{9A19103F-16F7-4668-BE54-9A1E7A4F7556}") = "Arke.ARI", "Arke.ARI\Arke.ARI.csproj", "{F4C8C633-2207-4C25-89A8-4D23D9CFA964}"
EndProject
Project("{2150E333-8FDC-42A3-9474-1A3956D46DE8}") = "Swagger-CodeGen", "Swagger-CodeGen", "{8F66D9D2-6558-48CB-BAC7-9D5D5F820008}"
EndProject
Project("{2150E333-8FDC-42A3-9474-1A3956D46DE8}") = "Solution Items", "Solution Items", "{7A23B569-33D7-4B8B-AFFD-8D6EC2200C06}"
	ProjectSection(SolutionItems) = preProject
		changelog.txt = changelog.txt
		nuget.config = nuget.config
		Package.nuspec = Package.nuspec
	EndProjectSection
EndProject
Project("{FAE04EC0-301F-11D3-BF4B-00C04F79EFBC}") = "ARICodeGen", "CodeGeneratror\ARICodeGen\ARICodeGen.csproj", "{9A6809EF-E0C7-4552-98FA-2D75A33CCFE3}"
EndProject
Project("{2150E333-8FDC-42A3-9474-1A3956D46DE8}") = "AsyncSamples", "AsyncSamples", "{31012840-0DA0-4F79-8C4E-952D1422DD0A}"
EndProject
Project("{9A19103F-16F7-4668-BE54-9A1E7A4F7556}") = "SimpleBridgeAsync", "AsyncSamples\SimpleBridgeAsync\SimpleBridgeAsync.csproj", "{C9AE28E1-5D6E-4995-A40D-FFB9A3B39CE1}"
EndProject
Project("{9A19103F-16F7-4668-BE54-9A1E7A4F7556}") = "SimpleRecordAndPlaybackAsync", "AsyncSamples\SimpleRecordAndPlaybackAsync\SimpleRecordAndPlaybackAsync.csproj", "{DEE23389-A37D-484F-BB35-E63CF7977C7E}"
EndProject
Project("{9A19103F-16F7-4668-BE54-9A1E7A4F7556}") = "SimpleTestApplicationAsync", "AsyncSamples\SimpleTestApplicationAsync\SimpleTestApplicationAsync.csproj", "{55979546-152E-4157-9AA3-839F6E3CE4E8}"
EndProject
Project("{9A19103F-16F7-4668-BE54-9A1E7A4F7556}") = "SimpleConferenceWeb", "AsyncSamples\SimpleConferenceWeb\SimpleConferenceWeb.csproj", "{DE7C2189-0D18-4A56-9385-2B0436B70BF2}"
EndProject
Project("{9A19103F-16F7-4668-BE54-9A1E7A4F7556}") = "AudioTranscriptionSample", "Samples\AudioTranscriptionSample\AudioTranscriptionSample.csproj", "{0857F2E0-9824-4C93-95B2-6D565D64B8DA}"
EndProject
Project("{FAE04EC0-301F-11D3-BF4B-00C04F79EFBC}") = "Arke.ARI.ExternalMedia", "Arke.ARI.ExternalMedia\Arke.ARI.ExternalMedia.csproj", "{7FE62876-7C53-418C-9D0D-552115A3C4DB}"
EndProject
Global
	GlobalSection(SolutionConfigurationPlatforms) = preSolution
		Debug|Any CPU = Debug|Any CPU
		Release|Any CPU = Release|Any CPU
	EndGlobalSection
	GlobalSection(ProjectConfigurationPlatforms) = postSolution
		{F4C8C633-2207-4C25-89A8-4D23D9CFA964}.Debug|Any CPU.ActiveCfg = Debug|Any CPU
		{F4C8C633-2207-4C25-89A8-4D23D9CFA964}.Debug|Any CPU.Build.0 = Debug|Any CPU
		{F4C8C633-2207-4C25-89A8-4D23D9CFA964}.Release|Any CPU.ActiveCfg = Release|Any CPU
		{F4C8C633-2207-4C25-89A8-4D23D9CFA964}.Release|Any CPU.Build.0 = Release|Any CPU
		{9A6809EF-E0C7-4552-98FA-2D75A33CCFE3}.Debug|Any CPU.ActiveCfg = Debug|Any CPU
		{9A6809EF-E0C7-4552-98FA-2D75A33CCFE3}.Debug|Any CPU.Build.0 = Debug|Any CPU
		{9A6809EF-E0C7-4552-98FA-2D75A33CCFE3}.Release|Any CPU.ActiveCfg = Release|Any CPU
		{C9AE28E1-5D6E-4995-A40D-FFB9A3B39CE1}.Debug|Any CPU.ActiveCfg = Debug|Any CPU
		{C9AE28E1-5D6E-4995-A40D-FFB9A3B39CE1}.Debug|Any CPU.Build.0 = Debug|Any CPU
		{C9AE28E1-5D6E-4995-A40D-FFB9A3B39CE1}.Release|Any CPU.ActiveCfg = Release|Any CPU
		{C9AE28E1-5D6E-4995-A40D-FFB9A3B39CE1}.Release|Any CPU.Build.0 = Release|Any CPU
		{DEE23389-A37D-484F-BB35-E63CF7977C7E}.Debug|Any CPU.ActiveCfg = Debug|Any CPU
		{DEE23389-A37D-484F-BB35-E63CF7977C7E}.Debug|Any CPU.Build.0 = Debug|Any CPU
		{DEE23389-A37D-484F-BB35-E63CF7977C7E}.Release|Any CPU.ActiveCfg = Release|Any CPU
		{DEE23389-A37D-484F-BB35-E63CF7977C7E}.Release|Any CPU.Build.0 = Release|Any CPU
		{55979546-152E-4157-9AA3-839F6E3CE4E8}.Debug|Any CPU.ActiveCfg = Debug|Any CPU
		{55979546-152E-4157-9AA3-839F6E3CE4E8}.Debug|Any CPU.Build.0 = Debug|Any CPU
		{55979546-152E-4157-9AA3-839F6E3CE4E8}.Release|Any CPU.ActiveCfg = Release|Any CPU
		{55979546-152E-4157-9AA3-839F6E3CE4E8}.Release|Any CPU.Build.0 = Release|Any CPU
		{DE7C2189-0D18-4A56-9385-2B0436B70BF2}.Debug|Any CPU.ActiveCfg = Debug|Any CPU
		{DE7C2189-0D18-4A56-9385-2B0436B70BF2}.Debug|Any CPU.Build.0 = Debug|Any CPU
		{DE7C2189-0D18-4A56-9385-2B0436B70BF2}.Release|Any CPU.ActiveCfg = Release|Any CPU
		{DE7C2189-0D18-4A56-9385-2B0436B70BF2}.Release|Any CPU.Build.0 = Release|Any CPU
		{0857F2E0-9824-4C93-95B2-6D565D64B8DA}.Debug|Any CPU.ActiveCfg = Debug|Any CPU
		{0857F2E0-9824-4C93-95B2-6D565D64B8DA}.Debug|Any CPU.Build.0 = Debug|Any CPU
		{0857F2E0-9824-4C93-95B2-6D565D64B8DA}.Release|Any CPU.ActiveCfg = Release|Any CPU
		{0857F2E0-9824-4C93-95B2-6D565D64B8DA}.Release|Any CPU.Build.0 = Release|Any CPU
		{7FE62876-7C53-418C-9D0D-552115A3C4DB}.Debug|Any CPU.ActiveCfg = Debug|Any CPU
		{7FE62876-7C53-418C-9D0D-552115A3C4DB}.Debug|Any CPU.Build.0 = Debug|Any CPU
		{7FE62876-7C53-418C-9D0D-552115A3C4DB}.Release|Any CPU.ActiveCfg = Release|Any CPU
		{7FE62876-7C53-418C-9D0D-552115A3C4DB}.Release|Any CPU.Build.0 = Release|Any CPU
	EndGlobalSection
	GlobalSection(SolutionProperties) = preSolution
		HideSolutionNode = FALSE
	EndGlobalSection
	GlobalSection(NestedProjects) = preSolution
		{9A6809EF-E0C7-4552-98FA-2D75A33CCFE3} = {8F66D9D2-6558-48CB-BAC7-9D5D5F820008}
		{C9AE28E1-5D6E-4995-A40D-FFB9A3B39CE1} = {31012840-0DA0-4F79-8C4E-952D1422DD0A}
		{DEE23389-A37D-484F-BB35-E63CF7977C7E} = {31012840-0DA0-4F79-8C4E-952D1422DD0A}
		{55979546-152E-4157-9AA3-839F6E3CE4E8} = {31012840-0DA0-4F79-8C4E-952D1422DD0A}
		{DE7C2189-0D18-4A56-9385-2B0436B70BF2} = {31012840-0DA0-4F79-8C4E-952D1422DD0A}
		{0857F2E0-9824-4C93-95B2-6D565D64B8DA} = {31012840-0DA0-4F79-8C4E-952D1422DD0A}
	EndGlobalSection
	GlobalSection(ExtensibilityGlobals) = postSolution
		SolutionGuid = {E3F439EE-D9DC-4A93-BE24-4B0D4299288D}
	EndGlobalSection
EndGlobal
